{
  "name": "voa-core-shared",
  "version": "1.1.0",
  "lockfileVersion": 1,
  "requires": true,
  "dependencies": {
    "graphql-tag": {
      "version": "2.5.0",
      "resolved": "https://registry.npmjs.org/graphql-tag/-/graphql-tag-2.5.0.tgz",
      "integrity": "sha1-tDv9i1urzSwgWtaAwD6YsjiTTg8="
    }
  }
}
